
Microsoft Visual Studio Solution File, Format Version 12.00
# Visual Studio Version 17
VisualStudioVersion = 17.4.33122.133
MinimumVisualStudioVersion = 10.0.40219.1
Project("{FAE04EC0-301F-11D3-BF4B-00C04F79EFBC}") = "New Patient and Doctor Assignment", "New Patient and Doctor Assignment\New Patient and Doctor Assignment.csproj", "{0610DD22-CB0A-46D5-9F70-E0C60320BD41}"
EndProject
Global
	GlobalSection(SolutionConfigurationPlatforms) = preSolution
		Debug|Any CPU = Debug|Any CPU
		Release|Any CPU = Release|Any CPU
	EndGlobalSection
	GlobalSection(ProjectConfigurationPlatforms) = postSolution
		{0610DD22-CB0A-46D5-9F70-E0C60320BD41}.Debug|Any CPU.ActiveCfg = Debug|Any CPU
		{0610DD22-CB0A-46D5-9F70-E0C60320BD41}.Debug|Any CPU.Build.0 = Debug|Any CPU
		{0610DD22-CB0A-46D5-9F70-E0C60320BD41}.Release|Any CPU.ActiveCfg = Release|Any CPU
		{0610DD22-CB0A-46D5-9F70-E0C60320BD41}.Release|Any CPU.Build.0 = Release|Any CPU
	EndGlobalSection
	GlobalSection(SolutionProperties) = preSolution
		HideSolutionNode = FALSE
	EndGlobalSection
	GlobalSection(ExtensibilityGlobals) = postSolution
		SolutionGuid = {18A9E9FC-6A6F-436A-92BE-C543D6095421}
	EndGlobalSection
EndGlobal
